NeoBundleLock neobundle.vim fd15e35a7a7c4e84ae62981cfa529ae7cc382330
NeoBundleLock nerdtree da3874cf933e3736f9a8d1a2cfe35943d88fa94b
NeoBundleLock unite-colorscheme 3aa33866a183f7659594a3f6b66b2334eaebc6a0
NeoBundleLock unite.vim db7a05f31be339ed0b507d5aadc988ee1632d2fe
NeoBundleLock vim-hybrid 7d530218dbcc5b5a9d473bcd2dbd2a85e7be99fd
